
Microsoft Visual Studio Solution File, Format Version 12.00
# Visual Studio Version 16
VisualStudioVersion = 16.0.29613.14
MinimumVisualStudioVersion = 10.0.40219.1
Project("{2150E333-8FDC-42A3-9474-1A3956D46DE8}") = "Project", "Project", "{A255FB45-9923-4EDC-B9BE-95ECE400570C}"
EndProject
Project("{9A19103F-16F7-4668-BE54-9A1E7A4F7556}") = "AspNetCore", "Project\Web\AspNetCore\AspNetCore.csproj", "{96C5017B-EACC-4C36-AF99-732702AB9B5B}"
EndProject
Project("{2150E333-8FDC-42A3-9474-1A3956D46DE8}") = "Infrastructure", "Infrastructure", "{89A813A9-9007-46EC-8F17-F2816F9202CC}"
EndProject
Project("{2150E333-8FDC-42A3-9474-1A3956D46DE8}") = "Features", "Features", "{937CC9FB-0F79-42D5-8E42-B83CFE6DB39D}"
EndProject
Project("{9A19103F-16F7-4668-BE54-9A1E7A4F7556}") = "Foundation.Extensions", "Infrastructure\Foundation.Extensions\Foundation.Extensions.csproj", "{47C8B835-4FB6-4035-942A-D189B9ED1297}"
EndProject
Project("{9A19103F-16F7-4668-BE54-9A1E7A4F7556}") = "Foundation.Localization", "Infrastructure\Foundation.Localization\Foundation.Localization.csproj", "{F0F60886-9666-4CEF-834B-1A85F981A615}"
EndProject
Project("{9A19103F-16F7-4668-BE54-9A1E7A4F7556}") = "Foundation.Prerendering", "Infrastructure\Foundation.Prerendering\Foundation.Prerendering.csproj", "{B0DF3321-36DD-4CEA-8AF1-9C09D8D4876E}"
EndProject
Project("{9A19103F-16F7-4668-BE54-9A1E7A4F7556}") = "Account", "Project\Web\Account\Account.csproj", "{7672ABA1-EA8C-4A72-8899-61F9906AFB1D}"
EndProject
Project("{9A19103F-16F7-4668-BE54-9A1E7A4F7556}") = "Foundation.Database", "Infrastructure\Foundation.Database\Foundation.Database.csproj", "{42D270C4-12F1-421B-BB6E-59FECE4BA34A}"
EndProject
Project("{9A19103F-16F7-4668-BE54-9A1E7A4F7556}") = "Feature.Account", "Feature\Feature.Account\Feature.Account.csproj", "{EBC58852-65E9-4554-A3BE-60F102954623}"
EndProject
Project("{9A19103F-16F7-4668-BE54-9A1E7A4F7556}") = "Feature.PageContent", "Feature\Feature.PageContent\Feature.PageContent.csproj", "{29C2DFB2-2CCD-42F7-B68B-99A085C8273C}"
EndProject
Project("{2150E333-8FDC-42A3-9474-1A3956D46DE8}") = "Api", "Api", "{AA76A57C-E6D8-4329-B285-C2922557FEC2}"
EndProject
Project("{2150E333-8FDC-42A3-9474-1A3956D46DE8}") = "Web", "Web", "{2DFADACD-8C6C-44F2-B19E-5A5F506CE285}"
EndProject
Project("{9A19103F-16F7-4668-BE54-9A1E7A4F7556}") = "Tenant.Portal", "Project\Web\Tenant.Portal\Tenant.Portal.csproj", "{63AF11BC-ECEC-41EA-87ED-A1049530A59C}"
EndProject
Project("{9A19103F-16F7-4668-BE54-9A1E7A4F7556}") = "Foundation.Presentation", "Infrastructure\Foundation.Presentation\Foundation.Presentation.csproj", "{F06B0BC2-3C8A-489E-B7D5-B5145DB50839}"
EndProject
Project("{9A19103F-16F7-4668-BE54-9A1E7A4F7556}") = "Feature.Order", "Feature\Feature.Order\Feature.Order.csproj", "{A29F5950-DEF8-422D-8698-BB277675B46F}"
EndProject
Project("{9A19103F-16F7-4668-BE54-9A1E7A4F7556}") = "Feature.Security", "Feature\Feature.Security\Feature.Security.csproj", "{57C9F57F-5034-4135-BBBE-D6CD42A8646C}"
EndProject
Project("{9A19103F-16F7-4668-BE54-9A1E7A4F7556}") = "Feature.Client", "Feature\Feature.Client\Feature.Client.csproj", "{B4A16E6B-19BC-469E-A784-3E04EFC6A691}"
EndProject
Project("{9A19103F-16F7-4668-BE54-9A1E7A4F7556}") = "Feature.Product", "Feature\Feature.Product\Feature.Product.csproj", "{C13BBE21-E57D-4F48-A6E0-EC2DEDB738A3}"
EndProject
Project("{9A19103F-16F7-4668-BE54-9A1E7A4F7556}") = "Foundation.TenantDatabase", "Infrastructure\Foundation.TenantDatabase\Foundation.TenantDatabase.csproj", "{D2609C04-D188-42C6-8EE6-106B270D770B}"
EndProject
Project("{9A19103F-16F7-4668-BE54-9A1E7A4F7556}") = "Feature.Tenant", "Feature\Feature.Tenant\Feature.Tenant.csproj", "{B98625A1-A042-4C8C-811B-471F544BA9C5}"
EndProject
Project("{FAE04EC0-301F-11D3-BF4B-00C04F79EFBC}") = "Client.Api", "Project\Api\Client.Api\Client.Api.csproj", "{A22E61DD-88C7-4F7E-80FE-EB2E43E5C60C}"
EndProject
Project("{FAE04EC0-301F-11D3-BF4B-00C04F79EFBC}") = "Feature.Api", "Feature\Feature.Api\Feature.Api.csproj", "{11F0BC90-1FAA-4ED5-A73B-1FC4328275A8}"
EndProject
Global
	GlobalSection(SolutionConfigurationPlatforms) = preSolution
		Debug|Any CPU = Debug|Any CPU
		Release|Any CPU = Release|Any CPU
	EndGlobalSection
	GlobalSection(ProjectConfigurationPlatforms) = postSolution
		{96C5017B-EACC-4C36-AF99-732702AB9B5B}.Debug|Any CPU.ActiveCfg = Debug|Any CPU
		{96C5017B-EACC-4C36-AF99-732702AB9B5B}.Debug|Any CPU.Build.0 = Debug|Any CPU
		{96C5017B-EACC-4C36-AF99-732702AB9B5B}.Release|Any CPU.ActiveCfg = Release|Any CPU
		{96C5017B-EACC-4C36-AF99-732702AB9B5B}.Release|Any CPU.Build.0 = Release|Any CPU
		{47C8B835-4FB6-4035-942A-D189B9ED1297}.Debug|Any CPU.ActiveCfg = Debug|Any CPU
		{47C8B835-4FB6-4035-942A-D189B9ED1297}.Debug|Any CPU.Build.0 = Debug|Any CPU
		{47C8B835-4FB6-4035-942A-D189B9ED1297}.Release|Any CPU.ActiveCfg = Release|Any CPU
		{47C8B835-4FB6-4035-942A-D189B9ED1297}.Release|Any CPU.Build.0 = Release|Any CPU
		{F0F60886-9666-4CEF-834B-1A85F981A615}.Debug|Any CPU.ActiveCfg = Debug|Any CPU
		{F0F60886-9666-4CEF-834B-1A85F981A615}.Debug|Any CPU.Build.0 = Debug|Any CPU
		{F0F60886-9666-4CEF-834B-1A85F981A615}.Release|Any CPU.ActiveCfg = Release|Any CPU
		{F0F60886-9666-4CEF-834B-1A85F981A615}.Release|Any CPU.Build.0 = Release|Any CPU
		{B0DF3321-36DD-4CEA-8AF1-9C09D8D4876E}.Debug|Any CPU.ActiveCfg = Debug|Any CPU
		{B0DF3321-36DD-4CEA-8AF1-9C09D8D4876E}.Debug|Any CPU.Build.0 = Debug|Any CPU
		{B0DF3321-36DD-4CEA-8AF1-9C09D8D4876E}.Release|Any CPU.ActiveCfg = Release|Any CPU
		{B0DF3321-36DD-4CEA-8AF1-9C09D8D4876E}.Release|Any CPU.Build.0 = Release|Any CPU
		{7672ABA1-EA8C-4A72-8899-61F9906AFB1D}.Debug|Any CPU.ActiveCfg = Debug|Any CPU
		{7672ABA1-EA8C-4A72-8899-61F9906AFB1D}.Debug|Any CPU.Build.0 = Debug|Any CPU
		{7672ABA1-EA8C-4A72-8899-61F9906AFB1D}.Release|Any CPU.ActiveCfg = Release|Any CPU
		{7672ABA1-EA8C-4A72-8899-61F9906AFB1D}.Release|Any CPU.Build.0 = Release|Any CPU
		{42D270C4-12F1-421B-BB6E-59FECE4BA34A}.Debug|Any CPU.ActiveCfg = Debug|Any CPU
		{42D270C4-12F1-421B-BB6E-59FECE4BA34A}.Debug|Any CPU.Build.0 = Debug|Any CPU
		{42D270C4-12F1-421B-BB6E-59FECE4BA34A}.Release|Any CPU.ActiveCfg = Release|Any CPU
		{42D270C4-12F1-421B-BB6E-59FECE4BA34A}.Release|Any CPU.Build.0 = Release|Any CPU
		{EBC58852-65E9-4554-A3BE-60F102954623}.Debug|Any CPU.ActiveCfg = Debug|Any CPU
		{EBC58852-65E9-4554-A3BE-60F102954623}.Debug|Any CPU.Build.0 = Debug|Any CPU
		{EBC58852-65E9-4554-A3BE-60F102954623}.Release|Any CPU.ActiveCfg = Release|Any CPU
		{EBC58852-65E9-4554-A3BE-60F102954623}.Release|Any CPU.Build.0 = Release|Any CPU
		{29C2DFB2-2CCD-42F7-B68B-99A085C8273C}.Debug|Any CPU.ActiveCfg = Debug|Any CPU
		{29C2DFB2-2CCD-42F7-B68B-99A085C8273C}.Debug|Any CPU.Build.0 = Debug|Any CPU
		{29C2DFB2-2CCD-42F7-B68B-99A085C8273C}.Release|Any CPU.ActiveCfg = Release|Any CPU
		{29C2DFB2-2CCD-42F7-B68B-99A085C8273C}.Release|Any CPU.Build.0 = Release|Any CPU
		{63AF11BC-ECEC-41EA-87ED-A1049530A59C}.Debug|Any CPU.ActiveCfg = Debug|Any CPU
		{63AF11BC-ECEC-41EA-87ED-A1049530A59C}.Debug|Any CPU.Build.0 = Debug|Any CPU
		{63AF11BC-ECEC-41EA-87ED-A1049530A59C}.Release|Any CPU.ActiveCfg = Release|Any CPU
		{63AF11BC-ECEC-41EA-87ED-A1049530A59C}.Release|Any CPU.Build.0 = Release|Any CPU
		{F06B0BC2-3C8A-489E-B7D5-B5145DB50839}.Debug|Any CPU.ActiveCfg = Debug|Any CPU
		{F06B0BC2-3C8A-489E-B7D5-B5145DB50839}.Debug|Any CPU.Build.0 = Debug|Any CPU
		{F06B0BC2-3C8A-489E-B7D5-B5145DB50839}.Release|Any CPU.ActiveCfg = Release|Any CPU
		{F06B0BC2-3C8A-489E-B7D5-B5145DB50839}.Release|Any CPU.Build.0 = Release|Any CPU
		{A29F5950-DEF8-422D-8698-BB277675B46F}.Debug|Any CPU.ActiveCfg = Debug|Any CPU
		{A29F5950-DEF8-422D-8698-BB277675B46F}.Debug|Any CPU.Build.0 = Debug|Any CPU
		{A29F5950-DEF8-422D-8698-BB277675B46F}.Release|Any CPU.ActiveCfg = Release|Any CPU
		{A29F5950-DEF8-422D-8698-BB277675B46F}.Release|Any CPU.Build.0 = Release|Any CPU
		{57C9F57F-5034-4135-BBBE-D6CD42A8646C}.Debug|Any CPU.ActiveCfg = Debug|Any CPU
		{57C9F57F-5034-4135-BBBE-D6CD42A8646C}.Debug|Any CPU.Build.0 = Debug|Any CPU
		{57C9F57F-5034-4135-BBBE-D6CD42A8646C}.Release|Any CPU.ActiveCfg = Release|Any CPU
		{57C9F57F-5034-4135-BBBE-D6CD42A8646C}.Release|Any CPU.Build.0 = Release|Any CPU
		{B4A16E6B-19BC-469E-A784-3E04EFC6A691}.Debug|Any CPU.ActiveCfg = Debug|Any CPU
		{B4A16E6B-19BC-469E-A784-3E04EFC6A691}.Debug|Any CPU.Build.0 = Debug|Any CPU
		{B4A16E6B-19BC-469E-A784-3E04EFC6A691}.Release|Any CPU.ActiveCfg = Release|Any CPU
		{B4A16E6B-19BC-469E-A784-3E04EFC6A691}.Release|Any CPU.Build.0 = Release|Any CPU
		{C13BBE21-E57D-4F48-A6E0-EC2DEDB738A3}.Debug|Any CPU.ActiveCfg = Debug|Any CPU
		{C13BBE21-E57D-4F48-A6E0-EC2DEDB738A3}.Debug|Any CPU.Build.0 = Debug|Any CPU
		{C13BBE21-E57D-4F48-A6E0-EC2DEDB738A3}.Release|Any CPU.ActiveCfg = Release|Any CPU
		{C13BBE21-E57D-4F48-A6E0-EC2DEDB738A3}.Release|Any CPU.Build.0 = Release|Any CPU
		{D2609C04-D188-42C6-8EE6-106B270D770B}.Debug|Any CPU.ActiveCfg = Debug|Any CPU
		{D2609C04-D188-42C6-8EE6-106B270D770B}.Debug|Any CPU.Build.0 = Debug|Any CPU
		{D2609C04-D188-42C6-8EE6-106B270D770B}.Release|Any CPU.ActiveCfg = Release|Any CPU
		{D2609C04-D188-42C6-8EE6-106B270D770B}.Release|Any CPU.Build.0 = Release|Any CPU
		{B98625A1-A042-4C8C-811B-471F544BA9C5}.Debug|Any CPU.ActiveCfg = Debug|Any CPU
		{B98625A1-A042-4C8C-811B-471F544BA9C5}.Debug|Any CPU.Build.0 = Debug|Any CPU
		{B98625A1-A042-4C8C-811B-471F544BA9C5}.Release|Any CPU.ActiveCfg = Release|Any CPU
		{B98625A1-A042-4C8C-811B-471F544BA9C5}.Release|Any CPU.Build.0 = Release|Any CPU
		{A22E61DD-88C7-4F7E-80FE-EB2E43E5C60C}.Debug|Any CPU.ActiveCfg = Debug|Any CPU
		{A22E61DD-88C7-4F7E-80FE-EB2E43E5C60C}.Debug|Any CPU.Build.0 = Debug|Any CPU
		{A22E61DD-88C7-4F7E-80FE-EB2E43E5C60C}.Release|Any CPU.ActiveCfg = Release|Any CPU
		{A22E61DD-88C7-4F7E-80FE-EB2E43E5C60C}.Release|Any CPU.Build.0 = Release|Any CPU
		{11F0BC90-1FAA-4ED5-A73B-1FC4328275A8}.Debug|Any CPU.ActiveCfg = Debug|Any CPU
		{11F0BC90-1FAA-4ED5-A73B-1FC4328275A8}.Debug|Any CPU.Build.0 = Debug|Any CPU
		{11F0BC90-1FAA-4ED5-A73B-1FC4328275A8}.Release|Any CPU.ActiveCfg = Release|Any CPU
		{11F0BC90-1FAA-4ED5-A73B-1FC4328275A8}.Release|Any CPU.Build.0 = Release|Any CPU
	EndGlobalSection
	GlobalSection(SolutionProperties) = preSolution
		HideSolutionNode = FALSE
	EndGlobalSection
	GlobalSection(NestedProjects) = preSolution
		{96C5017B-EACC-4C36-AF99-732702AB9B5B} = {2DFADACD-8C6C-44F2-B19E-5A5F506CE285}
		{47C8B835-4FB6-4035-942A-D189B9ED1297} = {89A813A9-9007-46EC-8F17-F2816F9202CC}
		{F0F60886-9666-4CEF-834B-1A85F981A615} = {89A813A9-9007-46EC-8F17-F2816F9202CC}
		{B0DF3321-36DD-4CEA-8AF1-9C09D8D4876E} = {89A813A9-9007-46EC-8F17-F2816F9202CC}
		{7672ABA1-EA8C-4A72-8899-61F9906AFB1D} = {2DFADACD-8C6C-44F2-B19E-5A5F506CE285}
		{42D270C4-12F1-421B-BB6E-59FECE4BA34A} = {89A813A9-9007-46EC-8F17-F2816F9202CC}
		{EBC58852-65E9-4554-A3BE-60F102954623} = {937CC9FB-0F79-42D5-8E42-B83CFE6DB39D}
		{29C2DFB2-2CCD-42F7-B68B-99A085C8273C} = {937CC9FB-0F79-42D5-8E42-B83CFE6DB39D}
		{AA76A57C-E6D8-4329-B285-C2922557FEC2} = {A255FB45-9923-4EDC-B9BE-95ECE400570C}
		{2DFADACD-8C6C-44F2-B19E-5A5F506CE285} = {A255FB45-9923-4EDC-B9BE-95ECE400570C}
		{63AF11BC-ECEC-41EA-87ED-A1049530A59C} = {2DFADACD-8C6C-44F2-B19E-5A5F506CE285}
		{F06B0BC2-3C8A-489E-B7D5-B5145DB50839} = {89A813A9-9007-46EC-8F17-F2816F9202CC}
		{A29F5950-DEF8-422D-8698-BB277675B46F} = {937CC9FB-0F79-42D5-8E42-B83CFE6DB39D}
		{57C9F57F-5034-4135-BBBE-D6CD42A8646C} = {937CC9FB-0F79-42D5-8E42-B83CFE6DB39D}
		{B4A16E6B-19BC-469E-A784-3E04EFC6A691} = {937CC9FB-0F79-42D5-8E42-B83CFE6DB39D}
		{C13BBE21-E57D-4F48-A6E0-EC2DEDB738A3} = {937CC9FB-0F79-42D5-8E42-B83CFE6DB39D}
		{D2609C04-D188-42C6-8EE6-106B270D770B} = {89A813A9-9007-46EC-8F17-F2816F9202CC}
		{B98625A1-A042-4C8C-811B-471F544BA9C5} = {937CC9FB-0F79-42D5-8E42-B83CFE6DB39D}
		{A22E61DD-88C7-4F7E-80FE-EB2E43E5C60C} = {AA76A57C-E6D8-4329-B285-C2922557FEC2}
		{11F0BC90-1FAA-4ED5-A73B-1FC4328275A8} = {937CC9FB-0F79-42D5-8E42-B83CFE6DB39D}
	EndGlobalSection
	GlobalSection(ExtensibilityGlobals) = postSolution
		SolutionGuid = {B0F50684-572D-4B8F-8A02-B5C72CD028EE}
	EndGlobalSection
EndGlobal
