
Microsoft Visual Studio Solution File, Format Version 12.00
# Visual Studio Version 16
VisualStudioVersion = 16.0.29613.14
MinimumVisualStudioVersion = 10.0.40219.1
Project("{2150E333-8FDC-42A3-9474-1A3956D46DE8}") = "Project", "Project", "{A255FB45-9923-4EDC-B9BE-95ECE400570C}"
EndProject
Project("{9A19103F-16F7-4668-BE54-9A1E7A4F7556}") = "AspNetCore", "Project\Web\AspNetCore\AspNetCore.csproj", "{96C5017B-EACC-4C36-AF99-732702AB9B5B}"
EndProject
Project("{2150E333-8FDC-42A3-9474-1A3956D46DE8}") = "Infrastructure", "Infrastructure", "{89A813A9-9007-46EC-8F17-F2816F9202CC}"
EndProject
Project("{2150E333-8FDC-42A3-9474-1A3956D46DE8}") = "Features", "Features", "{937CC9FB-0F79-42D5-8E42-B83CFE6DB39D}"
EndProject
Project("{9A19103F-16F7-4668-BE54-9A1E7A4F7556}") = "Feature.Localization", "Feature\Feature.Localization\Feature.Localization.csproj", "{275ED0E7-C469-47BD-AA68-424C218B13C8}"
EndProject
Project("{9A19103F-16F7-4668-BE54-9A1E7A4F7556}") = "Foundation.Extensions", "Infrastructure\Foundation.Extensions\Foundation.Extensions.csproj", "{47C8B835-4FB6-4035-942A-D189B9ED1297}"
EndProject
Project("{9A19103F-16F7-4668-BE54-9A1E7A4F7556}") = "Foundation.Localization", "Infrastructure\Foundation.Localization\Foundation.Localization.csproj", "{F0F60886-9666-4CEF-834B-1A85F981A615}"
EndProject
Project("{9A19103F-16F7-4668-BE54-9A1E7A4F7556}") = "Foundation.Prerendering", "Infrastructure\Foundation.Prerendering\Foundation.Prerendering.csproj", "{B0DF3321-36DD-4CEA-8AF1-9C09D8D4876E}"
EndProject
Project("{9A19103F-16F7-4668-BE54-9A1E7A4F7556}") = "Account", "Project\Web\Account\Account.csproj", "{7672ABA1-EA8C-4A72-8899-61F9906AFB1D}"
EndProject
Project("{9A19103F-16F7-4668-BE54-9A1E7A4F7556}") = "Foundation.Database", "Infrastructure\Foundation.Database\Foundation.Database.csproj", "{42D270C4-12F1-421B-BB6E-59FECE4BA34A}"
EndProject
Project("{9A19103F-16F7-4668-BE54-9A1E7A4F7556}") = "Feature.Account", "Feature\Feature.Account\Feature.Account.csproj", "{EBC58852-65E9-4554-A3BE-60F102954623}"
EndProject
Project("{9A19103F-16F7-4668-BE54-9A1E7A4F7556}") = "Feature.PageContent", "Feature\Feature.PageContent\Feature.PageContent.csproj", "{29C2DFB2-2CCD-42F7-B68B-99A085C8273C}"
EndProject
Project("{2150E333-8FDC-42A3-9474-1A3956D46DE8}") = "Api", "Api", "{AA76A57C-E6D8-4329-B285-C2922557FEC2}"
EndProject
Project("{2150E333-8FDC-42A3-9474-1A3956D46DE8}") = "Web", "Web", "{2DFADACD-8C6C-44F2-B19E-5A5F506CE285}"
EndProject
Global
	GlobalSection(SolutionConfigurationPlatforms) = preSolution
		Debug|Any CPU = Debug|Any CPU
		Release|Any CPU = Release|Any CPU
	EndGlobalSection
	GlobalSection(ProjectConfigurationPlatforms) = postSolution
		{96C5017B-EACC-4C36-AF99-732702AB9B5B}.Debug|Any CPU.ActiveCfg = Debug|Any CPU
		{96C5017B-EACC-4C36-AF99-732702AB9B5B}.Debug|Any CPU.Build.0 = Debug|Any CPU
		{96C5017B-EACC-4C36-AF99-732702AB9B5B}.Release|Any CPU.ActiveCfg = Release|Any CPU
		{96C5017B-EACC-4C36-AF99-732702AB9B5B}.Release|Any CPU.Build.0 = Release|Any CPU
		{275ED0E7-C469-47BD-AA68-424C218B13C8}.Debug|Any CPU.ActiveCfg = Debug|Any CPU
		{275ED0E7-C469-47BD-AA68-424C218B13C8}.Debug|Any CPU.Build.0 = Debug|Any CPU
		{275ED0E7-C469-47BD-AA68-424C218B13C8}.Release|Any CPU.ActiveCfg = Release|Any CPU
		{275ED0E7-C469-47BD-AA68-424C218B13C8}.Release|Any CPU.Build.0 = Release|Any CPU
		{47C8B835-4FB6-4035-942A-D189B9ED1297}.Debug|Any CPU.ActiveCfg = Debug|Any CPU
		{47C8B835-4FB6-4035-942A-D189B9ED1297}.Debug|Any CPU.Build.0 = Debug|Any CPU
		{47C8B835-4FB6-4035-942A-D189B9ED1297}.Release|Any CPU.ActiveCfg = Release|Any CPU
		{47C8B835-4FB6-4035-942A-D189B9ED1297}.Release|Any CPU.Build.0 = Release|Any CPU
		{F0F60886-9666-4CEF-834B-1A85F981A615}.Debug|Any CPU.ActiveCfg = Debug|Any CPU
		{F0F60886-9666-4CEF-834B-1A85F981A615}.Debug|Any CPU.Build.0 = Debug|Any CPU
		{F0F60886-9666-4CEF-834B-1A85F981A615}.Release|Any CPU.ActiveCfg = Release|Any CPU
		{F0F60886-9666-4CEF-834B-1A85F981A615}.Release|Any CPU.Build.0 = Release|Any CPU
		{B0DF3321-36DD-4CEA-8AF1-9C09D8D4876E}.Debug|Any CPU.ActiveCfg = Debug|Any CPU
		{B0DF3321-36DD-4CEA-8AF1-9C09D8D4876E}.Debug|Any CPU.Build.0 = Debug|Any CPU
		{B0DF3321-36DD-4CEA-8AF1-9C09D8D4876E}.Release|Any CPU.ActiveCfg = Release|Any CPU
		{B0DF3321-36DD-4CEA-8AF1-9C09D8D4876E}.Release|Any CPU.Build.0 = Release|Any CPU
		{7672ABA1-EA8C-4A72-8899-61F9906AFB1D}.Debug|Any CPU.ActiveCfg = Debug|Any CPU
		{7672ABA1-EA8C-4A72-8899-61F9906AFB1D}.Debug|Any CPU.Build.0 = Debug|Any CPU
		{7672ABA1-EA8C-4A72-8899-61F9906AFB1D}.Release|Any CPU.ActiveCfg = Release|Any CPU
		{7672ABA1-EA8C-4A72-8899-61F9906AFB1D}.Release|Any CPU.Build.0 = Release|Any CPU
		{42D270C4-12F1-421B-BB6E-59FECE4BA34A}.Debug|Any CPU.ActiveCfg = Debug|Any CPU
		{42D270C4-12F1-421B-BB6E-59FECE4BA34A}.Debug|Any CPU.Build.0 = Debug|Any CPU
		{42D270C4-12F1-421B-BB6E-59FECE4BA34A}.Release|Any CPU.ActiveCfg = Release|Any CPU
		{42D270C4-12F1-421B-BB6E-59FECE4BA34A}.Release|Any CPU.Build.0 = Release|Any CPU
		{EBC58852-65E9-4554-A3BE-60F102954623}.Debug|Any CPU.ActiveCfg = Debug|Any CPU
		{EBC58852-65E9-4554-A3BE-60F102954623}.Debug|Any CPU.Build.0 = Debug|Any CPU
		{EBC58852-65E9-4554-A3BE-60F102954623}.Release|Any CPU.ActiveCfg = Release|Any CPU
		{EBC58852-65E9-4554-A3BE-60F102954623}.Release|Any CPU.Build.0 = Release|Any CPU
		{29C2DFB2-2CCD-42F7-B68B-99A085C8273C}.Debug|Any CPU.ActiveCfg = Debug|Any CPU
		{29C2DFB2-2CCD-42F7-B68B-99A085C8273C}.Debug|Any CPU.Build.0 = Debug|Any CPU
		{29C2DFB2-2CCD-42F7-B68B-99A085C8273C}.Release|Any CPU.ActiveCfg = Release|Any CPU
		{29C2DFB2-2CCD-42F7-B68B-99A085C8273C}.Release|Any CPU.Build.0 = Release|Any CPU
	EndGlobalSection
	GlobalSection(SolutionProperties) = preSolution
		HideSolutionNode = FALSE
	EndGlobalSection
	GlobalSection(NestedProjects) = preSolution
		{96C5017B-EACC-4C36-AF99-732702AB9B5B} = {2DFADACD-8C6C-44F2-B19E-5A5F506CE285}
		{275ED0E7-C469-47BD-AA68-424C218B13C8} = {937CC9FB-0F79-42D5-8E42-B83CFE6DB39D}
		{47C8B835-4FB6-4035-942A-D189B9ED1297} = {89A813A9-9007-46EC-8F17-F2816F9202CC}
		{F0F60886-9666-4CEF-834B-1A85F981A615} = {89A813A9-9007-46EC-8F17-F2816F9202CC}
		{B0DF3321-36DD-4CEA-8AF1-9C09D8D4876E} = {89A813A9-9007-46EC-8F17-F2816F9202CC}
		{7672ABA1-EA8C-4A72-8899-61F9906AFB1D} = {2DFADACD-8C6C-44F2-B19E-5A5F506CE285}
		{42D270C4-12F1-421B-BB6E-59FECE4BA34A} = {89A813A9-9007-46EC-8F17-F2816F9202CC}
		{EBC58852-65E9-4554-A3BE-60F102954623} = {937CC9FB-0F79-42D5-8E42-B83CFE6DB39D}
		{29C2DFB2-2CCD-42F7-B68B-99A085C8273C} = {937CC9FB-0F79-42D5-8E42-B83CFE6DB39D}
		{AA76A57C-E6D8-4329-B285-C2922557FEC2} = {A255FB45-9923-4EDC-B9BE-95ECE400570C}
		{2DFADACD-8C6C-44F2-B19E-5A5F506CE285} = {A255FB45-9923-4EDC-B9BE-95ECE400570C}
	EndGlobalSection
	GlobalSection(ExtensibilityGlobals) = postSolution
		SolutionGuid = {B0F50684-572D-4B8F-8A02-B5C72CD028EE}
	EndGlobalSection
EndGlobal
