
Microsoft Visual Studio Solution File, Format Version 12.00
# Visual Studio Version 17
VisualStudioVersion = 17.0.31903.59
MinimumVisualStudioVersion = 10.0.40219.1
Project("{2150E333-8FDC-42A3-9474-1A3956D46DE8}") = "Project", "Project", "{A255FB45-9923-4EDC-B9BE-95ECE400570C}"
EndProject
Project("{2150E333-8FDC-42A3-9474-1A3956D46DE8}") = "Infrastructure", "Infrastructure", "{89A813A9-9007-46EC-8F17-F2816F9202CC}"
EndProject
Project("{9A19103F-16F7-4668-BE54-9A1E7A4F7556}") = "Foundation.Extensions", "Infrastructure\Extensions\Foundation.Extensions\Foundation.Extensions.csproj", "{47C8B835-4FB6-4035-942A-D189B9ED1297}"
EndProject
Project("{9A19103F-16F7-4668-BE54-9A1E7A4F7556}") = "Foundation.Localization", "Infrastructure\Localization\Foundation.Localization\Foundation.Localization.csproj", "{F0F60886-9666-4CEF-834B-1A85F981A615}"
EndProject
Project("{9A19103F-16F7-4668-BE54-9A1E7A4F7556}") = "Foundation.Prerendering", "Infrastructure\Prerendering\Foundation.Prerendering\Foundation.Prerendering.csproj", "{B0DF3321-36DD-4CEA-8AF1-9C09D8D4876E}"
EndProject
Project("{2150E333-8FDC-42A3-9474-1A3956D46DE8}") = "Services", "Services", "{AA76A57C-E6D8-4329-B285-C2922557FEC2}"
EndProject
Project("{2150E333-8FDC-42A3-9474-1A3956D46DE8}") = "Web", "Web", "{2DFADACD-8C6C-44F2-B19E-5A5F506CE285}"
EndProject
Project("{9A19103F-16F7-4668-BE54-9A1E7A4F7556}") = "Foundation.Presentation", "Infrastructure\Presentation\Foundation.Presentation\Foundation.Presentation.csproj", "{F06B0BC2-3C8A-489E-B7D5-B5145DB50839}"
EndProject
Project("{9A19103F-16F7-4668-BE54-9A1E7A4F7556}") = "Foundation.ApiExtensions", "Infrastructure\ApiExtensions\Foundation.ApiExtensions\Foundation.ApiExtensions.csproj", "{78ECD1A6-7CB7-4257-B5DA-41DC407B6F95}"
EndProject
Project("{9A19103F-16F7-4668-BE54-9A1E7A4F7556}") = "Foundation.GenericRepository", "Infrastructure\GenericRepository\Foundation.GenericRepository\Foundation.GenericRepository.csproj", "{DE8CF77D-1554-4F22-B6C3-F54565FA6819}"
EndProject
Project("{9A19103F-16F7-4668-BE54-9A1E7A4F7556}") = "Foundation.Account", "Infrastructure\Account\Foundation.Account\Foundation.Account.csproj", "{B989C583-C876-4E10-B3D8-53D0CAFFD17C}"
EndProject
Project("{9A19103F-16F7-4668-BE54-9A1E7A4F7556}") = "Foundation.Mailing", "Infrastructure\Mailing\Foundation.Mailing\Foundation.Mailing.csproj", "{FEF4137A-5034-47E0-80FF-5B902F10888A}"
EndProject
Project("{2150E333-8FDC-42A3-9474-1A3956D46DE8}") = "Catalog", "Catalog", "{4B7469FC-74BC-40BE-A4F2-DC5FC9C01586}"
EndProject
Project("{9A19103F-16F7-4668-BE54-9A1E7A4F7556}") = "Catalog.Api", "Project\Services\Catalog\Catalog.Api\Catalog.Api.csproj", "{88FC64EA-314A-4131-90B6-8D4661C4164C}"
EndProject
Project("{2150E333-8FDC-42A3-9474-1A3956D46DE8}") = "Identity", "Identity", "{889552F0-E424-45BF-8FF0-1531500111D6}"
EndProject
Project("{9A19103F-16F7-4668-BE54-9A1E7A4F7556}") = "Identity.Api", "Project\Services\Identity\Identity.Api\Identity.Api.csproj", "{5E5A5551-A4E5-41D6-846B-57CD852F3DF4}"
EndProject
Project("{9A19103F-16F7-4668-BE54-9A1E7A4F7556}") = "Foundation.Security", "Infrastructure\Security\Foundation.Security\Foundation.Security.csproj", "{0F00A82C-C8D6-44C5-B480-0F75224F1AF8}"
EndProject
Project("{2150E333-8FDC-42A3-9474-1A3956D46DE8}") = "Seller", "Seller", "{87A79D37-CC07-4885-A7B4-35E9B9BB1BC9}"
EndProject
Project("{2150E333-8FDC-42A3-9474-1A3956D46DE8}") = "Buyer", "Buyer", "{C55ED7F5-65C2-4DC3-A8B5-082047ACE045}"
EndProject
Project("{9A19103F-16F7-4668-BE54-9A1E7A4F7556}") = "Seller.Web", "Project\Web\Seller\Seller.Web\Seller.Web.csproj", "{A76E4E49-E316-41E7-9DD1-8C04912FEA49}"
EndProject
Project("{9A19103F-16F7-4668-BE54-9A1E7A4F7556}") = "Buyer.Web", "Project\Web\Buyer\Buyer.Web\Buyer.Web.csproj", "{2B5F51D0-AC4B-4FFA-B5F2-5667F068E3C4}"
EndProject
Project("{2150E333-8FDC-42A3-9474-1A3956D46DE8}") = "PageContent", "PageContent", "{9FD9DDCA-A158-477C-9080-CCF2A74C61FA}"
EndProject
Project("{9A19103F-16F7-4668-BE54-9A1E7A4F7556}") = "Foundation.PageContent", "Infrastructure\PageContent\Foundation.PageContent\Foundation.PageContent.csproj", "{E13A0DD0-AF22-49C7-B865-FD5702647B2D}"
EndProject
Project("{2150E333-8FDC-42A3-9474-1A3956D46DE8}") = "Account", "Account", "{F6F9AD15-C84D-40AF-87E1-6D4DD0D69EA1}"
EndProject
Project("{2150E333-8FDC-42A3-9474-1A3956D46DE8}") = "ApiExtensions", "ApiExtensions", "{7B48AE96-7F3A-4B13-9791-730C0DE1AD4A}"
EndProject
Project("{2150E333-8FDC-42A3-9474-1A3956D46DE8}") = "Extensions", "Extensions", "{20132923-C98E-403F-9AD9-45253078E43D}"
EndProject
Project("{2150E333-8FDC-42A3-9474-1A3956D46DE8}") = "GenericRepository", "GenericRepository", "{F868B0F6-D62E-43D5-9D26-D8199E92A277}"
EndProject
Project("{2150E333-8FDC-42A3-9474-1A3956D46DE8}") = "Localization", "Localization", "{A5888FB8-052D-4A81-84DF-17C0971A1F5E}"
EndProject
Project("{2150E333-8FDC-42A3-9474-1A3956D46DE8}") = "Mailing", "Mailing", "{3DAEE6E9-0517-4ED1-BBCD-6347206AA0D1}"
EndProject
Project("{2150E333-8FDC-42A3-9474-1A3956D46DE8}") = "Prerendering", "Prerendering", "{F21DA7CD-254F-4BD7-A58F-C6D8F5D5CD8E}"
EndProject
Project("{2150E333-8FDC-42A3-9474-1A3956D46DE8}") = "Presentation", "Presentation", "{647ED63E-74CB-4C99-9F65-F0973B19749E}"
EndProject
Project("{2150E333-8FDC-42A3-9474-1A3956D46DE8}") = "Security", "Security", "{DB2F388F-13C9-4DC9-B6AC-F93B47F6C2B8}"
EndProject
Project("{2150E333-8FDC-42A3-9474-1A3956D46DE8}") = "General Items", "General Items", "{6C8D24C8-B08F-428B-A9A1-77E1CA675CB3}"
	ProjectSection(SolutionItems) = preProject
		.env = .env
	EndProjectSection
EndProject
Project("{2150E333-8FDC-42A3-9474-1A3956D46DE8}") = "Ordering", "Ordering", "{A7DB17C9-B90C-4A22-8B07-B5D5D34F31B7}"
EndProject
Project("{2150E333-8FDC-42A3-9474-1A3956D46DE8}") = "Basket", "Basket", "{B190BA70-9CCD-4FAC-A695-3F85D2EE07B7}"
EndProject
Project("{9A19103F-16F7-4668-BE54-9A1E7A4F7556}") = "Basket.Api", "Project\Services\Basket\Basket.Api\Basket.Api.csproj", "{F823DC2A-54CA-409B-93AE-9D31E0567778}"
EndProject
Project("{9A19103F-16F7-4668-BE54-9A1E7A4F7556}") = "Ordering.Api", "Project\Services\Ordering\Ordering.Api\Ordering.Api.csproj", "{F20FBC2E-6EFE-418A-BADC-2E61EA9D9FCE}"
EndProject
Project("{2150E333-8FDC-42A3-9474-1A3956D46DE8}") = "Media", "Media", "{8C37E84E-0D22-47FE-8672-581F22C59DCB}"
EndProject
Project("{9A19103F-16F7-4668-BE54-9A1E7A4F7556}") = "Media.Api", "Project\Services\Media\Media.Api\Media.Api.csproj", "{934964F0-AB6C-4B17-9658-28124E55CFBF}"
EndProject
Project("{2150E333-8FDC-42A3-9474-1A3956D46DE8}") = "Search", "Search", "{297240E8-0D37-4FAF-8250-4132A6F6EEC5}"
EndProject
Project("{9A19103F-16F7-4668-BE54-9A1E7A4F7556}") = "Foundation.Search", "Infrastructure\Search\Foundation.Search\Foundation.Search.csproj", "{16CA93B8-859D-4A1C-9587-FF8416E85239}"
EndProject
Project("{2150E333-8FDC-42A3-9474-1A3956D46DE8}") = "EventBus", "EventBus", "{0FE33C81-2F12-4233-BF4F-ACF907A5BC61}"
EndProject
Project("{9A19103F-16F7-4668-BE54-9A1E7A4F7556}") = "Foundation.EventBus", "Infrastructure\EventBus\Foundation.EventBus\Foundation.EventBus.csproj", "{185EF734-1333-4BC6-BA08-87E13916A179}"
EndProject
Project("{9A19103F-16F7-4668-BE54-9A1E7A4F7556}") = "Foundation.EventBusRabbitMq", "Infrastructure\EventBus\Foundation.EventBusRabbitMq\Foundation.EventBusRabbitMq.csproj", "{9F2A2143-DFA2-40CB-BC44-5A59CD12ACF1}"
EndProject
Project("{2150E333-8FDC-42A3-9474-1A3956D46DE8}") = "Catalog", "Catalog", "{B07319D9-3A23-43D7-8514-1E82159BD99C}"
EndProject
Project("{9A19103F-16F7-4668-BE54-9A1E7A4F7556}") = "Foundation.Catalog", "Infrastructure\Catalog\Foundation.Catalog\Foundation.Catalog.csproj", "{79EA0DCD-0EFB-4DB5-8B9B-093CDB03423B}"
EndProject
Project("{9A19103F-16F7-4668-BE54-9A1E7A4F7556}") = "Catalog.BackgroundTasks", "Project\Services\Catalog\Catalog.BackgroundTasks\Catalog.BackgroundTasks.csproj", "{647033AE-5F5C-40BD-BF0E-AC96D8CF5E99}"
EndProject
Project("{2150E333-8FDC-42A3-9474-1A3956D46DE8}") = "Client", "Client", "{DEB2FD01-D730-4281-BCD1-0C570270477A}"
EndProject
Project("{9A19103F-16F7-4668-BE54-9A1E7A4F7556}") = "Client.Api", "Project\Services\Client\Client.Api\Client.Api.csproj", "{C941FCFD-9527-4EB9-BFAF-C083F8254A2C}"
EndProject
Project("{2150E333-8FDC-42A3-9474-1A3956D46DE8}") = "Inventory", "Inventory", "{767B2B31-C3EF-4682-8164-6315E26003E6}"
EndProject
Project("{9A19103F-16F7-4668-BE54-9A1E7A4F7556}") = "Inventory.Api", "Project\Services\Inventory\Inventory.Api\Inventory.Api.csproj", "{87E7DF90-6C29-4EBC-94C0-1891887E9D6D}"
EndProject
Project("{2150E333-8FDC-42A3-9474-1A3956D46DE8}") = "News", "News", "{5BF9CF63-D136-47FE-9FF9-61DAFB6E18FB}"
EndProject
Project("{9A19103F-16F7-4668-BE54-9A1E7A4F7556}") = "News.Api", "Project\Services\News\News.Api\News.Api.csproj", "{D9946F26-473D-4173-B564-9544C69ACC1B}"
EndProject
Project("{2150E333-8FDC-42A3-9474-1A3956D46DE8}") = "Media", "Media", "{81690D06-2FBB-486B-8BD3-96C84618C65B}"
EndProject
Project("{9A19103F-16F7-4668-BE54-9A1E7A4F7556}") = "Foundation.Media", "Infrastructure\Media\Foundation.Media\Foundation.Media.csproj", "{7E5BFAF3-56EE-42F6-BB27-74B441A4E1A2}"
EndProject
Project("{2150E333-8FDC-42A3-9474-1A3956D46DE8}") = "DownloadCenter", "DownloadCenter", "{70B3DF4B-AC36-4A0C-8B8E-A6A956134D75}"
EndProject
Project("{E53339B2-1760-4266-BCC7-CA923CBCF16C}") = "docker-compose", "docker-compose.dcproj", "{B8075472-6DE5-434E-BB94-B559E100EFD9}"
	ProjectSection(ProjectDependencies) = postProject
		{00B50D09-B29B-41C2-9B05-8FF33C8464EB} = {00B50D09-B29B-41C2-9B05-8FF33C8464EB}
		{2B5F51D0-AC4B-4FFA-B5F2-5667F068E3C4} = {2B5F51D0-AC4B-4FFA-B5F2-5667F068E3C4}
		{36B1A5AB-6CEA-4852-87F3-2AD037B1D182} = {36B1A5AB-6CEA-4852-87F3-2AD037B1D182}
		{5E5A5551-A4E5-41D6-846B-57CD852F3DF4} = {5E5A5551-A4E5-41D6-846B-57CD852F3DF4}
		{647033AE-5F5C-40BD-BF0E-AC96D8CF5E99} = {647033AE-5F5C-40BD-BF0E-AC96D8CF5E99}
		{87E7DF90-6C29-4EBC-94C0-1891887E9D6D} = {87E7DF90-6C29-4EBC-94C0-1891887E9D6D}
		{88FC64EA-314A-4131-90B6-8D4661C4164C} = {88FC64EA-314A-4131-90B6-8D4661C4164C}
		{934964F0-AB6C-4B17-9658-28124E55CFBF} = {934964F0-AB6C-4B17-9658-28124E55CFBF}
		{A76E4E49-E316-41E7-9DD1-8C04912FEA49} = {A76E4E49-E316-41E7-9DD1-8C04912FEA49}
		{C941FCFD-9527-4EB9-BFAF-C083F8254A2C} = {C941FCFD-9527-4EB9-BFAF-C083F8254A2C}
		{D9946F26-473D-4173-B564-9544C69ACC1B} = {D9946F26-473D-4173-B564-9544C69ACC1B}
		{F20FBC2E-6EFE-418A-BADC-2E61EA9D9FCE} = {F20FBC2E-6EFE-418A-BADC-2E61EA9D9FCE}
		{F823DC2A-54CA-409B-93AE-9D31E0567778} = {F823DC2A-54CA-409B-93AE-9D31E0567778}
	EndProjectSection
EndProject
Project("{9A19103F-16F7-4668-BE54-9A1E7A4F7556}") = "DownloadCenter.Api", "Project\Services\DownloadCenter\DownloadCenter.Api\DownloadCenter.Api.csproj", "{00B50D09-B29B-41C2-9B05-8FF33C8464EB}"
EndProject
Project("{2150E333-8FDC-42A3-9474-1A3956D46DE8}") = "Global", "Global", "{453DF8D9-0B86-41C1-8B3A-CB4FDAFBA371}"
EndProject
Project("{FAE04EC0-301F-11D3-BF4B-00C04F79EFBC}") = "Global.Api", "Project\Services\Global\Global.Api\Global.Api.csproj", "{36B1A5AB-6CEA-4852-87F3-2AD037B1D182}"
EndProject
Global
	GlobalSection(SolutionConfigurationPlatforms) = preSolution
		Debug|Any CPU = Debug|Any CPU
		NoVariablesDefault|Any CPU = NoVariablesDefault|Any CPU
		Release|Any CPU = Release|Any CPU
	EndGlobalSection
	GlobalSection(ProjectConfigurationPlatforms) = postSolution
		{47C8B835-4FB6-4035-942A-D189B9ED1297}.Debug|Any CPU.ActiveCfg = Debug|Any CPU
		{47C8B835-4FB6-4035-942A-D189B9ED1297}.Debug|Any CPU.Build.0 = Debug|Any CPU
		{47C8B835-4FB6-4035-942A-D189B9ED1297}.NoVariablesDefault|Any CPU.ActiveCfg = Release|Any CPU
		{47C8B835-4FB6-4035-942A-D189B9ED1297}.NoVariablesDefault|Any CPU.Build.0 = Release|Any CPU
		{47C8B835-4FB6-4035-942A-D189B9ED1297}.Release|Any CPU.ActiveCfg = Release|Any CPU
		{47C8B835-4FB6-4035-942A-D189B9ED1297}.Release|Any CPU.Build.0 = Release|Any CPU
		{F0F60886-9666-4CEF-834B-1A85F981A615}.Debug|Any CPU.ActiveCfg = Debug|Any CPU
		{F0F60886-9666-4CEF-834B-1A85F981A615}.Debug|Any CPU.Build.0 = Debug|Any CPU
		{F0F60886-9666-4CEF-834B-1A85F981A615}.NoVariablesDefault|Any CPU.ActiveCfg = Release|Any CPU
		{F0F60886-9666-4CEF-834B-1A85F981A615}.NoVariablesDefault|Any CPU.Build.0 = Release|Any CPU
		{F0F60886-9666-4CEF-834B-1A85F981A615}.Release|Any CPU.ActiveCfg = Release|Any CPU
		{F0F60886-9666-4CEF-834B-1A85F981A615}.Release|Any CPU.Build.0 = Release|Any CPU
		{B0DF3321-36DD-4CEA-8AF1-9C09D8D4876E}.Debug|Any CPU.ActiveCfg = Debug|Any CPU
		{B0DF3321-36DD-4CEA-8AF1-9C09D8D4876E}.Debug|Any CPU.Build.0 = Debug|Any CPU
		{B0DF3321-36DD-4CEA-8AF1-9C09D8D4876E}.NoVariablesDefault|Any CPU.ActiveCfg = Release|Any CPU
		{B0DF3321-36DD-4CEA-8AF1-9C09D8D4876E}.NoVariablesDefault|Any CPU.Build.0 = Release|Any CPU
		{B0DF3321-36DD-4CEA-8AF1-9C09D8D4876E}.Release|Any CPU.ActiveCfg = Release|Any CPU
		{B0DF3321-36DD-4CEA-8AF1-9C09D8D4876E}.Release|Any CPU.Build.0 = Release|Any CPU
		{F06B0BC2-3C8A-489E-B7D5-B5145DB50839}.Debug|Any CPU.ActiveCfg = Debug|Any CPU
		{F06B0BC2-3C8A-489E-B7D5-B5145DB50839}.Debug|Any CPU.Build.0 = Debug|Any CPU
		{F06B0BC2-3C8A-489E-B7D5-B5145DB50839}.NoVariablesDefault|Any CPU.ActiveCfg = Release|Any CPU
		{F06B0BC2-3C8A-489E-B7D5-B5145DB50839}.NoVariablesDefault|Any CPU.Build.0 = Release|Any CPU
		{F06B0BC2-3C8A-489E-B7D5-B5145DB50839}.Release|Any CPU.ActiveCfg = Release|Any CPU
		{F06B0BC2-3C8A-489E-B7D5-B5145DB50839}.Release|Any CPU.Build.0 = Release|Any CPU
		{78ECD1A6-7CB7-4257-B5DA-41DC407B6F95}.Debug|Any CPU.ActiveCfg = Debug|Any CPU
		{78ECD1A6-7CB7-4257-B5DA-41DC407B6F95}.Debug|Any CPU.Build.0 = Debug|Any CPU
		{78ECD1A6-7CB7-4257-B5DA-41DC407B6F95}.NoVariablesDefault|Any CPU.ActiveCfg = Release|Any CPU
		{78ECD1A6-7CB7-4257-B5DA-41DC407B6F95}.NoVariablesDefault|Any CPU.Build.0 = Release|Any CPU
		{78ECD1A6-7CB7-4257-B5DA-41DC407B6F95}.Release|Any CPU.ActiveCfg = Release|Any CPU
		{78ECD1A6-7CB7-4257-B5DA-41DC407B6F95}.Release|Any CPU.Build.0 = Release|Any CPU
		{DE8CF77D-1554-4F22-B6C3-F54565FA6819}.Debug|Any CPU.ActiveCfg = Debug|Any CPU
		{DE8CF77D-1554-4F22-B6C3-F54565FA6819}.Debug|Any CPU.Build.0 = Debug|Any CPU
		{DE8CF77D-1554-4F22-B6C3-F54565FA6819}.NoVariablesDefault|Any CPU.ActiveCfg = Release|Any CPU
		{DE8CF77D-1554-4F22-B6C3-F54565FA6819}.NoVariablesDefault|Any CPU.Build.0 = Release|Any CPU
		{DE8CF77D-1554-4F22-B6C3-F54565FA6819}.Release|Any CPU.ActiveCfg = Release|Any CPU
		{DE8CF77D-1554-4F22-B6C3-F54565FA6819}.Release|Any CPU.Build.0 = Release|Any CPU
		{B989C583-C876-4E10-B3D8-53D0CAFFD17C}.Debug|Any CPU.ActiveCfg = Debug|Any CPU
		{B989C583-C876-4E10-B3D8-53D0CAFFD17C}.Debug|Any CPU.Build.0 = Debug|Any CPU
		{B989C583-C876-4E10-B3D8-53D0CAFFD17C}.NoVariablesDefault|Any CPU.ActiveCfg = Release|Any CPU
		{B989C583-C876-4E10-B3D8-53D0CAFFD17C}.NoVariablesDefault|Any CPU.Build.0 = Release|Any CPU
		{B989C583-C876-4E10-B3D8-53D0CAFFD17C}.Release|Any CPU.ActiveCfg = Release|Any CPU
		{B989C583-C876-4E10-B3D8-53D0CAFFD17C}.Release|Any CPU.Build.0 = Release|Any CPU
		{FEF4137A-5034-47E0-80FF-5B902F10888A}.Debug|Any CPU.ActiveCfg = Debug|Any CPU
		{FEF4137A-5034-47E0-80FF-5B902F10888A}.Debug|Any CPU.Build.0 = Debug|Any CPU
		{FEF4137A-5034-47E0-80FF-5B902F10888A}.NoVariablesDefault|Any CPU.ActiveCfg = Release|Any CPU
		{FEF4137A-5034-47E0-80FF-5B902F10888A}.NoVariablesDefault|Any CPU.Build.0 = Release|Any CPU
		{FEF4137A-5034-47E0-80FF-5B902F10888A}.Release|Any CPU.ActiveCfg = Release|Any CPU
		{FEF4137A-5034-47E0-80FF-5B902F10888A}.Release|Any CPU.Build.0 = Release|Any CPU
		{88FC64EA-314A-4131-90B6-8D4661C4164C}.Debug|Any CPU.ActiveCfg = Debug|Any CPU
		{88FC64EA-314A-4131-90B6-8D4661C4164C}.Debug|Any CPU.Build.0 = Debug|Any CPU
		{88FC64EA-314A-4131-90B6-8D4661C4164C}.NoVariablesDefault|Any CPU.ActiveCfg = Release|Any CPU
		{88FC64EA-314A-4131-90B6-8D4661C4164C}.NoVariablesDefault|Any CPU.Build.0 = Release|Any CPU
		{88FC64EA-314A-4131-90B6-8D4661C4164C}.Release|Any CPU.ActiveCfg = Release|Any CPU
		{88FC64EA-314A-4131-90B6-8D4661C4164C}.Release|Any CPU.Build.0 = Release|Any CPU
		{5E5A5551-A4E5-41D6-846B-57CD852F3DF4}.Debug|Any CPU.ActiveCfg = Debug|Any CPU
		{5E5A5551-A4E5-41D6-846B-57CD852F3DF4}.Debug|Any CPU.Build.0 = Debug|Any CPU
		{5E5A5551-A4E5-41D6-846B-57CD852F3DF4}.NoVariablesDefault|Any CPU.ActiveCfg = Release|Any CPU
		{5E5A5551-A4E5-41D6-846B-57CD852F3DF4}.NoVariablesDefault|Any CPU.Build.0 = Release|Any CPU
		{5E5A5551-A4E5-41D6-846B-57CD852F3DF4}.Release|Any CPU.ActiveCfg = Release|Any CPU
		{5E5A5551-A4E5-41D6-846B-57CD852F3DF4}.Release|Any CPU.Build.0 = Release|Any CPU
		{0F00A82C-C8D6-44C5-B480-0F75224F1AF8}.Debug|Any CPU.ActiveCfg = Debug|Any CPU
		{0F00A82C-C8D6-44C5-B480-0F75224F1AF8}.Debug|Any CPU.Build.0 = Debug|Any CPU
		{0F00A82C-C8D6-44C5-B480-0F75224F1AF8}.NoVariablesDefault|Any CPU.ActiveCfg = Release|Any CPU
		{0F00A82C-C8D6-44C5-B480-0F75224F1AF8}.NoVariablesDefault|Any CPU.Build.0 = Release|Any CPU
		{0F00A82C-C8D6-44C5-B480-0F75224F1AF8}.Release|Any CPU.ActiveCfg = Release|Any CPU
		{0F00A82C-C8D6-44C5-B480-0F75224F1AF8}.Release|Any CPU.Build.0 = Release|Any CPU
		{A76E4E49-E316-41E7-9DD1-8C04912FEA49}.Debug|Any CPU.ActiveCfg = Debug|Any CPU
		{A76E4E49-E316-41E7-9DD1-8C04912FEA49}.Debug|Any CPU.Build.0 = Debug|Any CPU
		{A76E4E49-E316-41E7-9DD1-8C04912FEA49}.NoVariablesDefault|Any CPU.ActiveCfg = Release|Any CPU
		{A76E4E49-E316-41E7-9DD1-8C04912FEA49}.NoVariablesDefault|Any CPU.Build.0 = Release|Any CPU
		{A76E4E49-E316-41E7-9DD1-8C04912FEA49}.Release|Any CPU.ActiveCfg = Release|Any CPU
		{A76E4E49-E316-41E7-9DD1-8C04912FEA49}.Release|Any CPU.Build.0 = Release|Any CPU
		{2B5F51D0-AC4B-4FFA-B5F2-5667F068E3C4}.Debug|Any CPU.ActiveCfg = Debug|Any CPU
		{2B5F51D0-AC4B-4FFA-B5F2-5667F068E3C4}.Debug|Any CPU.Build.0 = Debug|Any CPU
		{2B5F51D0-AC4B-4FFA-B5F2-5667F068E3C4}.NoVariablesDefault|Any CPU.ActiveCfg = Release|Any CPU
		{2B5F51D0-AC4B-4FFA-B5F2-5667F068E3C4}.NoVariablesDefault|Any CPU.Build.0 = Release|Any CPU
		{2B5F51D0-AC4B-4FFA-B5F2-5667F068E3C4}.Release|Any CPU.ActiveCfg = Release|Any CPU
		{2B5F51D0-AC4B-4FFA-B5F2-5667F068E3C4}.Release|Any CPU.Build.0 = Release|Any CPU
		{E13A0DD0-AF22-49C7-B865-FD5702647B2D}.Debug|Any CPU.ActiveCfg = Debug|Any CPU
		{E13A0DD0-AF22-49C7-B865-FD5702647B2D}.Debug|Any CPU.Build.0 = Debug|Any CPU
		{E13A0DD0-AF22-49C7-B865-FD5702647B2D}.NoVariablesDefault|Any CPU.ActiveCfg = Release|Any CPU
		{E13A0DD0-AF22-49C7-B865-FD5702647B2D}.NoVariablesDefault|Any CPU.Build.0 = Release|Any CPU
		{E13A0DD0-AF22-49C7-B865-FD5702647B2D}.Release|Any CPU.ActiveCfg = Release|Any CPU
		{E13A0DD0-AF22-49C7-B865-FD5702647B2D}.Release|Any CPU.Build.0 = Release|Any CPU
		{F823DC2A-54CA-409B-93AE-9D31E0567778}.Debug|Any CPU.ActiveCfg = Debug|Any CPU
		{F823DC2A-54CA-409B-93AE-9D31E0567778}.Debug|Any CPU.Build.0 = Debug|Any CPU
		{F823DC2A-54CA-409B-93AE-9D31E0567778}.NoVariablesDefault|Any CPU.ActiveCfg = Release|Any CPU
		{F823DC2A-54CA-409B-93AE-9D31E0567778}.NoVariablesDefault|Any CPU.Build.0 = Release|Any CPU
		{F823DC2A-54CA-409B-93AE-9D31E0567778}.Release|Any CPU.ActiveCfg = Release|Any CPU
		{F823DC2A-54CA-409B-93AE-9D31E0567778}.Release|Any CPU.Build.0 = Release|Any CPU
		{F20FBC2E-6EFE-418A-BADC-2E61EA9D9FCE}.Debug|Any CPU.ActiveCfg = Debug|Any CPU
		{F20FBC2E-6EFE-418A-BADC-2E61EA9D9FCE}.Debug|Any CPU.Build.0 = Debug|Any CPU
		{F20FBC2E-6EFE-418A-BADC-2E61EA9D9FCE}.NoVariablesDefault|Any CPU.ActiveCfg = Release|Any CPU
		{F20FBC2E-6EFE-418A-BADC-2E61EA9D9FCE}.NoVariablesDefault|Any CPU.Build.0 = Release|Any CPU
		{F20FBC2E-6EFE-418A-BADC-2E61EA9D9FCE}.Release|Any CPU.ActiveCfg = Release|Any CPU
		{F20FBC2E-6EFE-418A-BADC-2E61EA9D9FCE}.Release|Any CPU.Build.0 = Release|Any CPU
		{934964F0-AB6C-4B17-9658-28124E55CFBF}.Debug|Any CPU.ActiveCfg = Debug|Any CPU
		{934964F0-AB6C-4B17-9658-28124E55CFBF}.Debug|Any CPU.Build.0 = Debug|Any CPU
		{934964F0-AB6C-4B17-9658-28124E55CFBF}.NoVariablesDefault|Any CPU.ActiveCfg = Release|Any CPU
		{934964F0-AB6C-4B17-9658-28124E55CFBF}.NoVariablesDefault|Any CPU.Build.0 = Release|Any CPU
		{934964F0-AB6C-4B17-9658-28124E55CFBF}.Release|Any CPU.ActiveCfg = Release|Any CPU
		{934964F0-AB6C-4B17-9658-28124E55CFBF}.Release|Any CPU.Build.0 = Release|Any CPU
		{16CA93B8-859D-4A1C-9587-FF8416E85239}.Debug|Any CPU.ActiveCfg = Debug|Any CPU
		{16CA93B8-859D-4A1C-9587-FF8416E85239}.Debug|Any CPU.Build.0 = Debug|Any CPU
		{16CA93B8-859D-4A1C-9587-FF8416E85239}.NoVariablesDefault|Any CPU.ActiveCfg = Release|Any CPU
		{16CA93B8-859D-4A1C-9587-FF8416E85239}.NoVariablesDefault|Any CPU.Build.0 = Release|Any CPU
		{16CA93B8-859D-4A1C-9587-FF8416E85239}.Release|Any CPU.ActiveCfg = Release|Any CPU
		{16CA93B8-859D-4A1C-9587-FF8416E85239}.Release|Any CPU.Build.0 = Release|Any CPU
		{185EF734-1333-4BC6-BA08-87E13916A179}.Debug|Any CPU.ActiveCfg = Debug|Any CPU
		{185EF734-1333-4BC6-BA08-87E13916A179}.Debug|Any CPU.Build.0 = Debug|Any CPU
		{185EF734-1333-4BC6-BA08-87E13916A179}.NoVariablesDefault|Any CPU.ActiveCfg = Release|Any CPU
		{185EF734-1333-4BC6-BA08-87E13916A179}.NoVariablesDefault|Any CPU.Build.0 = Release|Any CPU
		{185EF734-1333-4BC6-BA08-87E13916A179}.Release|Any CPU.ActiveCfg = Release|Any CPU
		{185EF734-1333-4BC6-BA08-87E13916A179}.Release|Any CPU.Build.0 = Release|Any CPU
		{9F2A2143-DFA2-40CB-BC44-5A59CD12ACF1}.Debug|Any CPU.ActiveCfg = Debug|Any CPU
		{9F2A2143-DFA2-40CB-BC44-5A59CD12ACF1}.Debug|Any CPU.Build.0 = Debug|Any CPU
		{9F2A2143-DFA2-40CB-BC44-5A59CD12ACF1}.NoVariablesDefault|Any CPU.ActiveCfg = Release|Any CPU
		{9F2A2143-DFA2-40CB-BC44-5A59CD12ACF1}.NoVariablesDefault|Any CPU.Build.0 = Release|Any CPU
		{9F2A2143-DFA2-40CB-BC44-5A59CD12ACF1}.Release|Any CPU.ActiveCfg = Release|Any CPU
		{9F2A2143-DFA2-40CB-BC44-5A59CD12ACF1}.Release|Any CPU.Build.0 = Release|Any CPU
		{79EA0DCD-0EFB-4DB5-8B9B-093CDB03423B}.Debug|Any CPU.ActiveCfg = Debug|Any CPU
		{79EA0DCD-0EFB-4DB5-8B9B-093CDB03423B}.Debug|Any CPU.Build.0 = Debug|Any CPU
		{79EA0DCD-0EFB-4DB5-8B9B-093CDB03423B}.NoVariablesDefault|Any CPU.ActiveCfg = Release|Any CPU
		{79EA0DCD-0EFB-4DB5-8B9B-093CDB03423B}.NoVariablesDefault|Any CPU.Build.0 = Release|Any CPU
		{79EA0DCD-0EFB-4DB5-8B9B-093CDB03423B}.Release|Any CPU.ActiveCfg = Release|Any CPU
		{79EA0DCD-0EFB-4DB5-8B9B-093CDB03423B}.Release|Any CPU.Build.0 = Release|Any CPU
		{647033AE-5F5C-40BD-BF0E-AC96D8CF5E99}.Debug|Any CPU.ActiveCfg = Debug|Any CPU
		{647033AE-5F5C-40BD-BF0E-AC96D8CF5E99}.Debug|Any CPU.Build.0 = Debug|Any CPU
		{647033AE-5F5C-40BD-BF0E-AC96D8CF5E99}.NoVariablesDefault|Any CPU.ActiveCfg = Release|Any CPU
		{647033AE-5F5C-40BD-BF0E-AC96D8CF5E99}.NoVariablesDefault|Any CPU.Build.0 = Release|Any CPU
		{647033AE-5F5C-40BD-BF0E-AC96D8CF5E99}.Release|Any CPU.ActiveCfg = Release|Any CPU
		{647033AE-5F5C-40BD-BF0E-AC96D8CF5E99}.Release|Any CPU.Build.0 = Release|Any CPU
		{C941FCFD-9527-4EB9-BFAF-C083F8254A2C}.Debug|Any CPU.ActiveCfg = Debug|Any CPU
		{C941FCFD-9527-4EB9-BFAF-C083F8254A2C}.Debug|Any CPU.Build.0 = Debug|Any CPU
		{C941FCFD-9527-4EB9-BFAF-C083F8254A2C}.NoVariablesDefault|Any CPU.ActiveCfg = Release|Any CPU
		{C941FCFD-9527-4EB9-BFAF-C083F8254A2C}.NoVariablesDefault|Any CPU.Build.0 = Release|Any CPU
		{C941FCFD-9527-4EB9-BFAF-C083F8254A2C}.Release|Any CPU.ActiveCfg = Release|Any CPU
		{C941FCFD-9527-4EB9-BFAF-C083F8254A2C}.Release|Any CPU.Build.0 = Release|Any CPU
		{87E7DF90-6C29-4EBC-94C0-1891887E9D6D}.Debug|Any CPU.ActiveCfg = Debug|Any CPU
		{87E7DF90-6C29-4EBC-94C0-1891887E9D6D}.Debug|Any CPU.Build.0 = Debug|Any CPU
		{87E7DF90-6C29-4EBC-94C0-1891887E9D6D}.NoVariablesDefault|Any CPU.ActiveCfg = Release|Any CPU
		{87E7DF90-6C29-4EBC-94C0-1891887E9D6D}.NoVariablesDefault|Any CPU.Build.0 = Release|Any CPU
		{87E7DF90-6C29-4EBC-94C0-1891887E9D6D}.Release|Any CPU.ActiveCfg = Release|Any CPU
		{87E7DF90-6C29-4EBC-94C0-1891887E9D6D}.Release|Any CPU.Build.0 = Release|Any CPU
		{D9946F26-473D-4173-B564-9544C69ACC1B}.Debug|Any CPU.ActiveCfg = Debug|Any CPU
		{D9946F26-473D-4173-B564-9544C69ACC1B}.Debug|Any CPU.Build.0 = Debug|Any CPU
		{D9946F26-473D-4173-B564-9544C69ACC1B}.NoVariablesDefault|Any CPU.ActiveCfg = Release|Any CPU
		{D9946F26-473D-4173-B564-9544C69ACC1B}.NoVariablesDefault|Any CPU.Build.0 = Release|Any CPU
		{D9946F26-473D-4173-B564-9544C69ACC1B}.Release|Any CPU.ActiveCfg = Release|Any CPU
		{D9946F26-473D-4173-B564-9544C69ACC1B}.Release|Any CPU.Build.0 = Release|Any CPU
		{7E5BFAF3-56EE-42F6-BB27-74B441A4E1A2}.Debug|Any CPU.ActiveCfg = Debug|Any CPU
		{7E5BFAF3-56EE-42F6-BB27-74B441A4E1A2}.Debug|Any CPU.Build.0 = Debug|Any CPU
		{7E5BFAF3-56EE-42F6-BB27-74B441A4E1A2}.NoVariablesDefault|Any CPU.ActiveCfg = Release|Any CPU
		{7E5BFAF3-56EE-42F6-BB27-74B441A4E1A2}.NoVariablesDefault|Any CPU.Build.0 = Release|Any CPU
		{7E5BFAF3-56EE-42F6-BB27-74B441A4E1A2}.Release|Any CPU.ActiveCfg = Release|Any CPU
		{7E5BFAF3-56EE-42F6-BB27-74B441A4E1A2}.Release|Any CPU.Build.0 = Release|Any CPU
		{B8075472-6DE5-434E-BB94-B559E100EFD9}.Debug|Any CPU.ActiveCfg = Debug|Any CPU
		{B8075472-6DE5-434E-BB94-B559E100EFD9}.Debug|Any CPU.Build.0 = Debug|Any CPU
		{B8075472-6DE5-434E-BB94-B559E100EFD9}.NoVariablesDefault|Any CPU.ActiveCfg = NoVariablesDefault
		{B8075472-6DE5-434E-BB94-B559E100EFD9}.NoVariablesDefault|Any CPU.Build.0 = NoVariablesDefault
		{B8075472-6DE5-434E-BB94-B559E100EFD9}.Release|Any CPU.ActiveCfg = NoVariablesDefault
		{B8075472-6DE5-434E-BB94-B559E100EFD9}.Release|Any CPU.Build.0 = NoVariablesDefault
		{00B50D09-B29B-41C2-9B05-8FF33C8464EB}.Debug|Any CPU.ActiveCfg = Debug|Any CPU
		{00B50D09-B29B-41C2-9B05-8FF33C8464EB}.Debug|Any CPU.Build.0 = Debug|Any CPU
		{00B50D09-B29B-41C2-9B05-8FF33C8464EB}.NoVariablesDefault|Any CPU.ActiveCfg = Debug|Any CPU
		{00B50D09-B29B-41C2-9B05-8FF33C8464EB}.NoVariablesDefault|Any CPU.Build.0 = Debug|Any CPU
		{00B50D09-B29B-41C2-9B05-8FF33C8464EB}.Release|Any CPU.ActiveCfg = Release|Any CPU
		{00B50D09-B29B-41C2-9B05-8FF33C8464EB}.Release|Any CPU.Build.0 = Release|Any CPU
		{36B1A5AB-6CEA-4852-87F3-2AD037B1D182}.Debug|Any CPU.ActiveCfg = Debug|Any CPU
		{36B1A5AB-6CEA-4852-87F3-2AD037B1D182}.Debug|Any CPU.Build.0 = Debug|Any CPU
		{36B1A5AB-6CEA-4852-87F3-2AD037B1D182}.NoVariablesDefault|Any CPU.ActiveCfg = Debug|Any CPU
		{36B1A5AB-6CEA-4852-87F3-2AD037B1D182}.NoVariablesDefault|Any CPU.Build.0 = Debug|Any CPU
		{36B1A5AB-6CEA-4852-87F3-2AD037B1D182}.Release|Any CPU.ActiveCfg = Release|Any CPU
		{36B1A5AB-6CEA-4852-87F3-2AD037B1D182}.Release|Any CPU.Build.0 = Release|Any CPU
	EndGlobalSection
	GlobalSection(SolutionProperties) = preSolution
		HideSolutionNode = FALSE
	EndGlobalSection
	GlobalSection(NestedProjects) = preSolution
		{47C8B835-4FB6-4035-942A-D189B9ED1297} = {20132923-C98E-403F-9AD9-45253078E43D}
		{F0F60886-9666-4CEF-834B-1A85F981A615} = {A5888FB8-052D-4A81-84DF-17C0971A1F5E}
		{B0DF3321-36DD-4CEA-8AF1-9C09D8D4876E} = {F21DA7CD-254F-4BD7-A58F-C6D8F5D5CD8E}
		{AA76A57C-E6D8-4329-B285-C2922557FEC2} = {A255FB45-9923-4EDC-B9BE-95ECE400570C}
		{2DFADACD-8C6C-44F2-B19E-5A5F506CE285} = {A255FB45-9923-4EDC-B9BE-95ECE400570C}
		{F06B0BC2-3C8A-489E-B7D5-B5145DB50839} = {647ED63E-74CB-4C99-9F65-F0973B19749E}
		{78ECD1A6-7CB7-4257-B5DA-41DC407B6F95} = {7B48AE96-7F3A-4B13-9791-730C0DE1AD4A}
		{DE8CF77D-1554-4F22-B6C3-F54565FA6819} = {F868B0F6-D62E-43D5-9D26-D8199E92A277}
		{B989C583-C876-4E10-B3D8-53D0CAFFD17C} = {F6F9AD15-C84D-40AF-87E1-6D4DD0D69EA1}
		{FEF4137A-5034-47E0-80FF-5B902F10888A} = {3DAEE6E9-0517-4ED1-BBCD-6347206AA0D1}
		{4B7469FC-74BC-40BE-A4F2-DC5FC9C01586} = {AA76A57C-E6D8-4329-B285-C2922557FEC2}
		{88FC64EA-314A-4131-90B6-8D4661C4164C} = {4B7469FC-74BC-40BE-A4F2-DC5FC9C01586}
		{889552F0-E424-45BF-8FF0-1531500111D6} = {AA76A57C-E6D8-4329-B285-C2922557FEC2}
		{5E5A5551-A4E5-41D6-846B-57CD852F3DF4} = {889552F0-E424-45BF-8FF0-1531500111D6}
		{0F00A82C-C8D6-44C5-B480-0F75224F1AF8} = {DB2F388F-13C9-4DC9-B6AC-F93B47F6C2B8}
		{87A79D37-CC07-4885-A7B4-35E9B9BB1BC9} = {2DFADACD-8C6C-44F2-B19E-5A5F506CE285}
		{C55ED7F5-65C2-4DC3-A8B5-082047ACE045} = {2DFADACD-8C6C-44F2-B19E-5A5F506CE285}
		{A76E4E49-E316-41E7-9DD1-8C04912FEA49} = {87A79D37-CC07-4885-A7B4-35E9B9BB1BC9}
		{2B5F51D0-AC4B-4FFA-B5F2-5667F068E3C4} = {C55ED7F5-65C2-4DC3-A8B5-082047ACE045}
		{9FD9DDCA-A158-477C-9080-CCF2A74C61FA} = {89A813A9-9007-46EC-8F17-F2816F9202CC}
		{E13A0DD0-AF22-49C7-B865-FD5702647B2D} = {9FD9DDCA-A158-477C-9080-CCF2A74C61FA}
		{F6F9AD15-C84D-40AF-87E1-6D4DD0D69EA1} = {89A813A9-9007-46EC-8F17-F2816F9202CC}
		{7B48AE96-7F3A-4B13-9791-730C0DE1AD4A} = {89A813A9-9007-46EC-8F17-F2816F9202CC}
		{20132923-C98E-403F-9AD9-45253078E43D} = {89A813A9-9007-46EC-8F17-F2816F9202CC}
		{F868B0F6-D62E-43D5-9D26-D8199E92A277} = {89A813A9-9007-46EC-8F17-F2816F9202CC}
		{A5888FB8-052D-4A81-84DF-17C0971A1F5E} = {89A813A9-9007-46EC-8F17-F2816F9202CC}
		{3DAEE6E9-0517-4ED1-BBCD-6347206AA0D1} = {89A813A9-9007-46EC-8F17-F2816F9202CC}
		{F21DA7CD-254F-4BD7-A58F-C6D8F5D5CD8E} = {89A813A9-9007-46EC-8F17-F2816F9202CC}
		{647ED63E-74CB-4C99-9F65-F0973B19749E} = {89A813A9-9007-46EC-8F17-F2816F9202CC}
		{DB2F388F-13C9-4DC9-B6AC-F93B47F6C2B8} = {89A813A9-9007-46EC-8F17-F2816F9202CC}
		{A7DB17C9-B90C-4A22-8B07-B5D5D34F31B7} = {AA76A57C-E6D8-4329-B285-C2922557FEC2}
		{B190BA70-9CCD-4FAC-A695-3F85D2EE07B7} = {AA76A57C-E6D8-4329-B285-C2922557FEC2}
		{F823DC2A-54CA-409B-93AE-9D31E0567778} = {B190BA70-9CCD-4FAC-A695-3F85D2EE07B7}
		{F20FBC2E-6EFE-418A-BADC-2E61EA9D9FCE} = {A7DB17C9-B90C-4A22-8B07-B5D5D34F31B7}
		{8C37E84E-0D22-47FE-8672-581F22C59DCB} = {AA76A57C-E6D8-4329-B285-C2922557FEC2}
		{934964F0-AB6C-4B17-9658-28124E55CFBF} = {8C37E84E-0D22-47FE-8672-581F22C59DCB}
		{297240E8-0D37-4FAF-8250-4132A6F6EEC5} = {89A813A9-9007-46EC-8F17-F2816F9202CC}
		{16CA93B8-859D-4A1C-9587-FF8416E85239} = {297240E8-0D37-4FAF-8250-4132A6F6EEC5}
		{0FE33C81-2F12-4233-BF4F-ACF907A5BC61} = {89A813A9-9007-46EC-8F17-F2816F9202CC}
		{185EF734-1333-4BC6-BA08-87E13916A179} = {0FE33C81-2F12-4233-BF4F-ACF907A5BC61}
		{9F2A2143-DFA2-40CB-BC44-5A59CD12ACF1} = {0FE33C81-2F12-4233-BF4F-ACF907A5BC61}
		{B07319D9-3A23-43D7-8514-1E82159BD99C} = {89A813A9-9007-46EC-8F17-F2816F9202CC}
		{79EA0DCD-0EFB-4DB5-8B9B-093CDB03423B} = {B07319D9-3A23-43D7-8514-1E82159BD99C}
		{647033AE-5F5C-40BD-BF0E-AC96D8CF5E99} = {4B7469FC-74BC-40BE-A4F2-DC5FC9C01586}
		{DEB2FD01-D730-4281-BCD1-0C570270477A} = {AA76A57C-E6D8-4329-B285-C2922557FEC2}
		{C941FCFD-9527-4EB9-BFAF-C083F8254A2C} = {DEB2FD01-D730-4281-BCD1-0C570270477A}
		{767B2B31-C3EF-4682-8164-6315E26003E6} = {AA76A57C-E6D8-4329-B285-C2922557FEC2}
		{87E7DF90-6C29-4EBC-94C0-1891887E9D6D} = {767B2B31-C3EF-4682-8164-6315E26003E6}
		{5BF9CF63-D136-47FE-9FF9-61DAFB6E18FB} = {AA76A57C-E6D8-4329-B285-C2922557FEC2}
		{D9946F26-473D-4173-B564-9544C69ACC1B} = {5BF9CF63-D136-47FE-9FF9-61DAFB6E18FB}
		{81690D06-2FBB-486B-8BD3-96C84618C65B} = {89A813A9-9007-46EC-8F17-F2816F9202CC}
		{7E5BFAF3-56EE-42F6-BB27-74B441A4E1A2} = {81690D06-2FBB-486B-8BD3-96C84618C65B}
		{70B3DF4B-AC36-4A0C-8B8E-A6A956134D75} = {AA76A57C-E6D8-4329-B285-C2922557FEC2}
		{00B50D09-B29B-41C2-9B05-8FF33C8464EB} = {70B3DF4B-AC36-4A0C-8B8E-A6A956134D75}
		{453DF8D9-0B86-41C1-8B3A-CB4FDAFBA371} = {AA76A57C-E6D8-4329-B285-C2922557FEC2}
		{36B1A5AB-6CEA-4852-87F3-2AD037B1D182} = {453DF8D9-0B86-41C1-8B3A-CB4FDAFBA371}
	EndGlobalSection
	GlobalSection(ExtensibilityGlobals) = postSolution
		SolutionGuid = {B0F50684-572D-4B8F-8A02-B5C72CD028EE}
	EndGlobalSection
EndGlobal
